{
  "lockfileVersion": 1,
  "configVersion": 1,
  "workspaces": {
    "": {
      "name": "agentmap-monorepo",
    },
    "cli": {
      "name": "agentmap",
      "version": "0.9.0",
      "bin": "./dist/cli.js",
      "dependencies": {
        "@tree-sitter-grammars/tree-sitter-zig": "^1.1.2",
        "goke": "^6.2.0",
        "ignore": "^7.0.5",
        "js-yaml": "^4.1.0",
        "marked": "^17.0.1",
        "p-limit": "^7.2.0",
        "picomatch": "^4.0.2",
        "smol-toml": "^1.6.0",
        "tree-sitter-cpp": "^0.23.4",
        "tree-sitter-go": "^0.23.4",
        "tree-sitter-javascript": "^0.23.1",
        "tree-sitter-python": "^0.23.6",
        "tree-sitter-rust": "^0.23.2",
        "tree-sitter-typescript": "^0.23.2",
        "web-tree-sitter": "^0.24.4",
      },
      "devDependencies": {
        "@types/bun": "^1.3.5",
        "@types/js-yaml": "^4.0.9",
        "@types/marked": "^6.0.0",
        "@types/node": "^22.10.2",
        "@types/picomatch": "^3.0.1",
        "typescript": "^5.7.2",
      },
    },
    "opencode": {
      "name": "@agentmap/opencode",
      "version": "0.6.0",
      "dependencies": {
        "agentmap": "workspace:^",
      },
      "devDependencies": {
        "@opencode-ai/plugin": "^1.0.224",
        "@types/node": "^22.10.2",
        "typescript": "^5.7.2",
      },
    },
  },
  "packages": {
    "@agentmap/opencode": ["@agentmap/opencode@workspace:opencode"],

    "@opencode-ai/plugin": ["@opencode-ai/plugin@1.0.224", "", { "dependencies": { "@opencode-ai/sdk": "1.0.224", "zod": "4.1.8" } }, "sha512-V2Su55FI6NGyabFHo853+8r9h66q//gsYWCIODbwRs47qi4VfbFylfddJxQDD+/M/H7w0++ojbQC9YCLNDXdKw=="],

    "@opencode-ai/sdk": ["@opencode-ai/sdk@1.0.224", "", {}, "sha512-gODyWLDTaz38qISxRdJKsEiFqvJNcFzu4/awoSICIl8j8gx6qDxLsYWVp/ToO4LKXTvHMn8yyZpM3ZEdGhDC+g=="],

    "@tree-sitter-grammars/tree-sitter-zig": ["@tree-sitter-grammars/tree-sitter-zig@1.1.2", "", { "dependencies": { "node-addon-api": "^8.3.0", "node-gyp-build": "^4.8.4" }, "peerDependencies": { "tree-sitter": "^0.22.1" }, "optionalPeers": ["tree-sitter"] }, "sha512-J0L31HZ2isy3F5zb2g5QWQOv2r/pbruQNL9ADhuQv2pn5BQOzxt80WcEJaYXBeuJ8GHxVT42slpCna8k1c8LOw=="],

    "@types/bun": ["@types/bun@1.3.5", "", { "dependencies": { "bun-types": "1.3.5" } }, "sha512-RnygCqNrd3srIPEWBd5LFeUYG7plCoH2Yw9WaZGyNmdTEei+gWaHqydbaIRkIkcbXwhBT94q78QljxN0Sk838w=="],

    "@types/js-yaml": ["@types/js-yaml@4.0.9", "", {}, "sha512-k4MGaQl5TGo/iipqb2UDG2UwjXziSWkh0uysQelTlJpX1qGlpUZYm8PnO4DxG1qBomtJUdYJ6qR6xdIah10JLg=="],

    "@types/marked": ["@types/marked@6.0.0", "", { "dependencies": { "marked": "*" } }, "sha512-jmjpa4BwUsmhxcfsgUit/7A9KbrC48Q0q8KvnY107ogcjGgTFDlIL3RpihNpx2Mu1hM4mdFQjoVc4O6JoGKHsA=="],

    "@types/node": ["@types/node@22.19.3", "", { "dependencies": { "undici-types": "~6.21.0" } }, "sha512-1N9SBnWYOJTrNZCdh/yJE+t910Y128BoyY+zBLWhL3r0TYzlTmFdXrPwHL9DyFZmlEXNQQolTZh3KHV31QDhyA=="],

    "@types/picomatch": ["@types/picomatch@3.0.2", "", {}, "sha512-n0i8TD3UDB7paoMMxA3Y65vUncFJXjcUf7lQY7YyKGl6031FNjfsLs6pdLFCy2GNFxItPJG8GvvpbZc2skH7WA=="],

    "agentmap": ["agentmap@workspace:cli"],

    "argparse": ["argparse@2.0.1", "", {}, "sha512-8+9WqebbFzpX9OR+Wa6O29asIogeRMzcGtAINdpMHHyAg10f05aSFVBbcEqGf/PXw1EjAZ+q2/bEBg3DvurK3Q=="],

    "bun-types": ["bun-types@1.3.5", "", { "dependencies": { "@types/node": "*" } }, "sha512-inmAYe2PFLs0SUbFOWSVD24sg1jFlMPxOjOSSCYqUgn4Hsc3rDc7dFvfVYjFPNHtov6kgUeulV4SxbuIV/stPw=="],

    "goke": ["goke@6.2.0", "", { "dependencies": { "picocolors": "^1.1.1" } }, "sha512-s56ZG8ZGGqk/PKUAQPUGGkpgMbeB1Vk5jlmUeZ5pbf4/HFFDLDRNvsBSmTs3D/rV30dArtd73giK6mtCymctIA=="],

    "ignore": ["ignore@7.0.5", "", {}, "sha512-Hs59xBNfUIunMFgWAbGX5cq6893IbWg4KnrjbYwX3tx0ztorVgTDA6B2sxf8ejHJ4wz8BqGUMYlnzNBer5NvGg=="],

    "js-yaml": ["js-yaml@4.1.1", "", { "dependencies": { "argparse": "^2.0.1" }, "bin": { "js-yaml": "bin/js-yaml.js" } }, "sha512-qQKT4zQxXl8lLwBtHMWwaTcGfFOZviOJet3Oy/xmGk2gZH677CJM9EvtfdSkgWcATZhj/55JZ0rmy3myCT5lsA=="],

    "marked": ["marked@17.0.1", "", { "bin": { "marked": "bin/marked.js" } }, "sha512-boeBdiS0ghpWcSwoNm/jJBwdpFaMnZWRzjA6SkUMYb40SVaN1x7mmfGKp0jvexGcx+7y2La5zRZsYFZI6Qpypg=="],

    "node-addon-api": ["node-addon-api@8.5.0", "", {}, "sha512-/bRZty2mXUIFY/xU5HLvveNHlswNJej+RnxBjOMkidWfwZzgTbPG1E3K5TOxRLOR+5hX7bSofy8yf1hZevMS8A=="],

    "node-gyp-build": ["node-gyp-build@4.8.4", "", { "bin": { "node-gyp-build": "bin.js", "node-gyp-build-optional": "optional.js", "node-gyp-build-test": "build-test.js" } }, "sha512-LA4ZjwlnUblHVgq0oBF3Jl/6h/Nvs5fzBLwdEF4nuxnFdsfajde4WfxtJr3CaiH+F6ewcIB/q4jQ4UzPyid+CQ=="],

    "p-limit": ["p-limit@7.2.0", "", { "dependencies": { "yocto-queue": "^1.2.1" } }, "sha512-ATHLtwoTNDloHRFFxFJdHnG6n2WUeFjaR8XQMFdKIv0xkXjrER8/iG9iu265jOM95zXHAfv9oTkqhrfbIzosrQ=="],

    "picocolors": ["picocolors@1.1.1", "", {}, "sha512-xceH2snhtb5M9liqDsmEw56le376mTZkEX/jEb/RxNFyegNul7eNslCXP9FDj/Lcu0X8KEyMceP2ntpaHrDEVA=="],

    "picomatch": ["picomatch@4.0.3", "", {}, "sha512-5gTmgEY/sqK6gFXLIsQNH19lWb4ebPDLA4SdLP7dsWkIXHWlG66oPuVvXSGFPppYZz8ZDZq0dYYrbHfBCVUb1Q=="],

    "smol-toml": ["smol-toml@1.6.0", "", {}, "sha512-4zemZi0HvTnYwLfrpk/CF9LOd9Lt87kAt50GnqhMpyF9U3poDAP2+iukq2bZsO/ufegbYehBkqINbsWxj4l4cw=="],

    "tree-sitter-c": ["tree-sitter-c@0.23.6", "", { "dependencies": { "node-addon-api": "^8.3.0", "node-gyp-build": "^4.8.4" }, "peerDependencies": { "tree-sitter": "^0.22.1" }, "optionalPeers": ["tree-sitter"] }, "sha512-0dxXKznVyUA0s6PjNolJNs2yF87O5aL538A/eR6njA5oqX3C3vH4vnx3QdOKwuUdpKEcFdHuiDpRKLLCA/tjvQ=="],

    "tree-sitter-cpp": ["tree-sitter-cpp@0.23.4", "", { "dependencies": { "node-addon-api": "^8.2.1", "node-gyp-build": "^4.8.2", "tree-sitter-c": "^0.23.1" }, "peerDependencies": { "tree-sitter": "^0.21.1" }, "optionalPeers": ["tree-sitter"] }, "sha512-qR5qUDyhZ5jJ6V8/umiBxokRbe89bCGmcq/dk94wI4kN86qfdV8k0GHIUEKaqWgcu42wKal5E97LKpLeVW8sKw=="],

    "tree-sitter-go": ["tree-sitter-go@0.23.4", "", { "dependencies": { "node-addon-api": "^8.2.1", "node-gyp-build": "^4.8.2" }, "peerDependencies": { "tree-sitter": "^0.21.1" }, "optionalPeers": ["tree-sitter"] }, "sha512-iQaHEs4yMa/hMo/ZCGqLfG61F0miinULU1fFh+GZreCRtKylFLtvn798ocCZjO2r/ungNZgAY1s1hPFyAwkc7w=="],

    "tree-sitter-javascript": ["tree-sitter-javascript@0.23.1", "", { "dependencies": { "node-addon-api": "^8.2.2", "node-gyp-build": "^4.8.2" }, "peerDependencies": { "tree-sitter": "^0.21.1" }, "optionalPeers": ["tree-sitter"] }, "sha512-/bnhbrTD9frUYHQTiYnPcxyHORIw157ERBa6dqzaKxvR/x3PC4Yzd+D1pZIMS6zNg2v3a8BZ0oK7jHqsQo9fWA=="],

    "tree-sitter-python": ["tree-sitter-python@0.23.6", "", { "dependencies": { "node-addon-api": "^8.3.0", "node-gyp-build": "^4.8.4" }, "peerDependencies": { "tree-sitter": "^0.22.1" }, "optionalPeers": ["tree-sitter"] }, "sha512-yIM9z0oxKIxT7bAtPOhgoVl6gTXlmlIhue7liFT4oBPF/lha7Ha4dQBS82Av6hMMRZoVnFJI8M6mL+SwWoLD3A=="],

    "tree-sitter-rust": ["tree-sitter-rust@0.23.3", "", { "dependencies": { "node-addon-api": "^8.2.2", "node-gyp-build": "^4.8.4" }, "peerDependencies": { "tree-sitter": "^0.22.1" }, "optionalPeers": ["tree-sitter"] }, "sha512-uLdZJ1K26EuJTBMJlz1ltTlg7nJyAYThfouXgigf5ixKOasOL5wNrRCpuWTsl6rDcKlZK9UX+annFLqP/kchwQ=="],

    "tree-sitter-typescript": ["tree-sitter-typescript@0.23.2", "", { "dependencies": { "node-addon-api": "^8.2.2", "node-gyp-build": "^4.8.2", "tree-sitter-javascript": "^0.23.1" }, "peerDependencies": { "tree-sitter": "^0.21.0" }, "optionalPeers": ["tree-sitter"] }, "sha512-e04JUUKxTT53/x3Uq1zIL45DoYKVfHH4CZqwgZhPg5qYROl5nQjV+85ruFzFGZxu+QeFVbRTPDRnqL9UbU4VeA=="],

    "typescript": ["typescript@5.9.3", "", { "bin": { "tsc": "bin/tsc", "tsserver": "bin/tsserver" } }, "sha512-jl1vZzPDinLr9eUt3J/t7V6FgNEw9QjvBPdysz9KfQDD41fQrC2Y4vKQdiaUpFT4bXlb1RHhLpp8wtm6M5TgSw=="],

    "undici-types": ["undici-types@6.21.0", "", {}, "sha512-iwDZqg0QAGrg9Rav5H4n0M64c3mkR59cJ6wQp+7C4nI0gsmExaedaYLNO44eT4AtBBwjbTiGPMlt2Md0T9H9JQ=="],

    "web-tree-sitter": ["web-tree-sitter@0.24.7", "", {}, "sha512-CdC/TqVFbXqR+C51v38hv6wOPatKEUGxa39scAeFSm98wIhZxAYonhRQPSMmfZ2w7JDI0zQDdzdmgtNk06/krQ=="],

    "yocto-queue": ["yocto-queue@1.2.2", "", {}, "sha512-4LCcse/U2MHZ63HAJVE+v71o7yOdIe4cZ70Wpf8D/IyjDKYQLV5GD46B+hSTjJsvV5PztjvHoU580EftxjDZFQ=="],

    "zod": ["zod@4.1.8", "", {}, "sha512-5R1P+WwQqmmMIEACyzSvo4JXHY5WiAFHRMg+zBZKgKS+Q1viRa0C1hmUKtHltoIFKtIdki3pRxkmpP74jnNYHQ=="],
  }
}
